
Microsoft Visual Studio Solution File, Format Version 12.00
# Visual Studio Version 17
VisualStudioVersion = 17.2.32516.85
MinimumVisualStudioVersion = 10.0.40219.1
Project("{FAE04EC0-301F-11D3-BF4B-00C04F79EFBC}") = "SignalR_Test", "SignalR_Test\SignalR_Test.csproj", "{58E59A8C-CF56-4614-BA03-19163367000C}"
EndProject
Global
	GlobalSection(SolutionConfigurationPlatforms) = preSolution
		Debug|Any CPU = Debug|Any CPU
		Release|Any CPU = Release|Any CPU
	EndGlobalSection
	GlobalSection(ProjectConfigurationPlatforms) = postSolution
		{58E59A8C-CF56-4614-BA03-19163367000C}.Debug|Any CPU.ActiveCfg = Debug|Any CPU
		{58E59A8C-CF56-4614-BA03-19163367000C}.Debug|Any CPU.Build.0 = Debug|Any CPU
		{58E59A8C-CF56-4614-BA03-19163367000C}.Release|Any CPU.ActiveCfg = Release|Any CPU
		{58E59A8C-CF56-4614-BA03-19163367000C}.Release|Any CPU.Build.0 = Release|Any CPU
	EndGlobalSection
	GlobalSection(SolutionProperties) = preSolution
		HideSolutionNode = FALSE
	EndGlobalSection
	GlobalSection(ExtensibilityGlobals) = postSolution
		SolutionGuid = {622B75CE-6EAC-45C4-B85A-0639015B7C65}
	EndGlobalSection
EndGlobal
